
Microsoft Visual Studio Solution File, Format Version 12.00
# Visual Studio 15
VisualStudioVersion = 15.0.28010.2026
MinimumVisualStudioVersion = 10.0.40219.1
Project("{FAE04EC0-301F-11D3-BF4B-00C04F79EFBC}") = "Proyectofgk.Android", "Proyectofgk\Proyectofgk.Android\Proyectofgk.Android.csproj", "{DEA6EEDE-6D1D-4450-872E-E7029DF38504}"
EndProject
Project("{FAE04EC0-301F-11D3-BF4B-00C04F79EFBC}") = "Proyectofgk.iOS", "Proyectofgk\Proyectofgk.iOS\Proyectofgk.iOS.csproj", "{3CDFE7C6-A444-4DF8-8848-5D0D9AD1906A}"
EndProject
Project("{9A19103F-16F7-4668-BE54-9A1E7A4F7556}") = "Proyectofgk", "Proyectofgk\Proyectofgk\Proyectofgk.csproj", "{DCFFCC7B-9703-4557-B609-2236D34ABB5D}"
EndProject
Global
	GlobalSection(SolutionConfigurationPlatforms) = preSolution
		Ad-Hoc|Any CPU = Ad-Hoc|Any CPU
		Ad-Hoc|iPhone = Ad-Hoc|iPhone
		Ad-Hoc|iPhoneSimulator = Ad-Hoc|iPhoneSimulator
		AppStore|Any CPU = AppStore|Any CPU
		AppStore|iPhone = AppStore|iPhone
		AppStore|iPhoneSimulator = AppStore|iPhoneSimulator
		Debug|Any CPU = Debug|Any CPU
		Debug|iPhone = Debug|iPhone
		Debug|iPhoneSimulator = Debug|iPhoneSimulator
		Release|Any CPU = Release|Any CPU
		Release|iPhone = Release|iPhone
		Release|iPhoneSimulator = Release|iPhoneSimulator
	EndGlobalSection
	GlobalSection(ProjectConfigurationPlatforms) = postSolution
		{DEA6EEDE-6D1D-4450-872E-E7029DF38504}.Ad-Hoc|Any CPU.ActiveCfg = Release|Any CPU
		{DEA6EEDE-6D1D-4450-872E-E7029DF38504}.Ad-Hoc|Any CPU.Build.0 = Release|Any CPU
		{DEA6EEDE-6D1D-4450-872E-E7029DF38504}.Ad-Hoc|Any CPU.Deploy.0 = Release|Any CPU
		{DEA6EEDE-6D1D-4450-872E-E7029DF38504}.Ad-Hoc|iPhone.ActiveCfg = Release|Any CPU
		{DEA6EEDE-6D1D-4450-872E-E7029DF38504}.Ad-Hoc|iPhone.Build.0 = Release|Any CPU
		{DEA6EEDE-6D1D-4450-872E-E7029DF38504}.Ad-Hoc|iPhone.Deploy.0 = Release|Any CPU
		{DEA6EEDE-6D1D-4450-872E-E7029DF38504}.Ad-Hoc|iPhoneSimulator.ActiveCfg = Release|Any CPU
		{DEA6EEDE-6D1D-4450-872E-E7029DF38504}.Ad-Hoc|iPhoneSimulator.Build.0 = Release|Any CPU
		{DEA6EEDE-6D1D-4450-872E-E7029DF38504}.Ad-Hoc|iPhoneSimulator.Deploy.0 = Release|Any CPU
		{DEA6EEDE-6D1D-4450-872E-E7029DF38504}.AppStore|Any CPU.ActiveCfg = Release|Any CPU
		{DEA6EEDE-6D1D-4450-872E-E7029DF38504}.AppStore|Any CPU.Build.0 = Release|Any CPU
		{DEA6EEDE-6D1D-4450-872E-E7029DF38504}.AppStore|Any CPU.Deploy.0 = Release|Any CPU
		{DEA6EEDE-6D1D-4450-872E-E7029DF38504}.AppStore|iPhone.ActiveCfg = Release|Any CPU
		{DEA6EEDE-6D1D-4450-872E-E7029DF38504}.AppStore|iPhone.Build.0 = Release|Any CPU
		{DEA6EEDE-6D1D-4450-872E-E7029DF38504}.AppStore|iPhone.Deploy.0 = Release|Any CPU
		{DEA6EEDE-6D1D-4450-872E-E7029DF38504}.AppStore|iPhoneSimulator.ActiveCfg = Release|Any CPU
		{DEA6EEDE-6D1D-4450-872E-E7029DF38504}.AppStore|iPhoneSimulator.Build.0 = Release|Any CPU
		{DEA6EEDE-6D1D-4450-872E-E7029DF38504}.AppStore|iPhoneSimulator.Deploy.0 = Release|Any CPU
		{DEA6EEDE-6D1D-4450-872E-E7029DF38504}.Debug|Any CPU.ActiveCfg = Debug|Any CPU
		{DEA6EEDE-6D1D-4450-872E-E7029DF38504}.Debug|Any CPU.Build.0 = Debug|Any CPU
		{DEA6EEDE-6D1D-4450-872E-E7029DF38504}.Debug|Any CPU.Deploy.0 = Debug|Any CPU
		{DEA6EEDE-6D1D-4450-872E-E7029DF38504}.Debug|iPhone.ActiveCfg = Debug|Any CPU
		{DEA6EEDE-6D1D-4450-872E-E7029DF38504}.Debug|iPhone.Build.0 = Debug|Any CPU
		{DEA6EEDE-6D1D-4450-872E-E7029DF38504}.Debug|iPhone.Deploy.0 = Debug|Any CPU
		{DEA6EEDE-6D1D-4450-872E-E7029DF38504}.Debug|iPhoneSimulator.ActiveCfg = Debug|Any CPU
		{DEA6EEDE-6D1D-4450-872E-E7029DF38504}.Debug|iPhoneSimulator.Build.0 = Debug|Any CPU
		{DEA6EEDE-6D1D-4450-872E-E7029DF38504}.Debug|iPhoneSimulator.Deploy.0 = Debug|Any CPU
		{DEA6EEDE-6D1D-4450-872E-E7029DF38504}.Release|Any CPU.ActiveCfg = Release|Any CPU
		{DEA6EEDE-6D1D-4450-872E-E7029DF38504}.Release|Any CPU.Build.0 = Release|Any CPU
		{DEA6EEDE-6D1D-4450-872E-E7029DF38504}.Release|Any CPU.Deploy.0 = Release|Any CPU
		{DEA6EEDE-6D1D-4450-872E-E7029DF38504}.Release|iPhone.ActiveCfg = Release|Any CPU
		{DEA6EEDE-6D1D-4450-872E-E7029DF38504}.Release|iPhone.Build.0 = Release|Any CPU
		{DEA6EEDE-6D1D-4450-872E-E7029DF38504}.Release|iPhone.Deploy.0 = Release|Any CPU
		{DEA6EEDE-6D1D-4450-872E-E7029DF38504}.Release|iPhoneSimulator.ActiveCfg = Release|Any CPU
		{DEA6EEDE-6D1D-4450-872E-E7029DF38504}.Release|iPhoneSimulator.Build.0 = Release|Any CPU
		{DEA6EEDE-6D1D-4450-872E-E7029DF38504}.Release|iPhoneSimulator.Deploy.0 = Release|Any CPU
		{3CDFE7C6-A444-4DF8-8848-5D0D9AD1906A}.Ad-Hoc|Any CPU.ActiveCfg = Ad-Hoc|iPhone
		{3CDFE7C6-A444-4DF8-8848-5D0D9AD1906A}.Ad-Hoc|Any CPU.Build.0 = Ad-Hoc|iPhone
		{3CDFE7C6-A444-4DF8-8848-5D0D9AD1906A}.Ad-Hoc|Any CPU.Deploy.0 = Ad-Hoc|iPhone
		{3CDFE7C6-A444-4DF8-8848-5D0D9AD1906A}.Ad-Hoc|iPhone.ActiveCfg = Ad-Hoc|iPhone
		{3CDFE7C6-A444-4DF8-8848-5D0D9AD1906A}.Ad-Hoc|iPhone.Build.0 = Ad-Hoc|iPhone
		{3CDFE7C6-A444-4DF8-8848-5D0D9AD1906A}.Ad-Hoc|iPhone.Deploy.0 = Ad-Hoc|iPhone
		{3CDFE7C6-A444-4DF8-8848-5D0D9AD1906A}.Ad-Hoc|iPhoneSimulator.ActiveCfg = Ad-Hoc|iPhoneSimulator
		{3CDFE7C6-A444-4DF8-8848-5D0D9AD1906A}.Ad-Hoc|iPhoneSimulator.Build.0 = Ad-Hoc|iPhoneSimulator
		{3CDFE7C6-A444-4DF8-8848-5D0D9AD1906A}.Ad-Hoc|iPhoneSimulator.Deploy.0 = Ad-Hoc|iPhoneSimulator
		{3CDFE7C6-A444-4DF8-8848-5D0D9AD1906A}.AppStore|Any CPU.ActiveCfg = AppStore|iPhone
		{3CDFE7C6-A444-4DF8-8848-5D0D9AD1906A}.AppStore|Any CPU.Build.0 = AppStore|iPhone
		{3CDFE7C6-A444-4DF8-8848-5D0D9AD1906A}.AppStore|Any CPU.Deploy.0 = AppStore|iPhone
		{3CDFE7C6-A444-4DF8-8848-5D0D9AD1906A}.AppStore|iPhone.ActiveCfg = AppStore|iPhone
		{3CDFE7C6-A444-4DF8-8848-5D0D9AD1906A}.AppStore|iPhone.Build.0 = AppStore|iPhone
		{3CDFE7C6-A444-4DF8-8848-5D0D9AD1906A}.AppStore|iPhone.Deploy.0 = AppStore|iPhone
		{3CDFE7C6-A444-4DF8-8848-5D0D9AD1906A}.AppStore|iPhoneSimulator.ActiveCfg = AppStore|iPhoneSimulator
		{3CDFE7C6-A444-4DF8-8848-5D0D9AD1906A}.AppStore|iPhoneSimulator.Build.0 = AppStore|iPhoneSimulator
		{3CDFE7C6-A444-4DF8-8848-5D0D9AD1906A}.AppStore|iPhoneSimulator.Deploy.0 = AppStore|iPhoneSimulator
		{3CDFE7C6-A444-4DF8-8848-5D0D9AD1906A}.Debug|Any CPU.ActiveCfg = Debug|iPhoneSimulator
		{3CDFE7C6-A444-4DF8-8848-5D0D9AD1906A}.Debug|Any CPU.Build.0 = Debug|iPhoneSimulator
		{3CDFE7C6-A444-4DF8-8848-5D0D9AD1906A}.Debug|Any CPU.Deploy.0 = Debug|iPhoneSimulator
		{3CDFE7C6-A444-4DF8-8848-5D0D9AD1906A}.Debug|iPhone.ActiveCfg = Debug|iPhone
		{3CDFE7C6-A444-4DF8-8848-5D0D9AD1906A}.Debug|iPhone.Build.0 = Debug|iPhone
		{3CDFE7C6-A444-4DF8-8848-5D0D9AD1906A}.Debug|iPhone.Deploy.0 = Debug|iPhone
		{3CDFE7C6-A444-4DF8-8848-5D0D9AD1906A}.Debug|iPhoneSimulator.ActiveCfg = Debug|iPhoneSimulator
		{3CDFE7C6-A444-4DF8-8848-5D0D9AD1906A}.Debug|iPhoneSimulator.Build.0 = Debug|iPhoneSimulator
		{3CDFE7C6-A444-4DF8-8848-5D0D9AD1906A}.Debug|iPhoneSimulator.Deploy.0 = Debug|iPhoneSimulator
		{3CDFE7C6-A444-4DF8-8848-5D0D9AD1906A}.Release|Any CPU.ActiveCfg = Release|iPhone
		{3CDFE7C6-A444-4DF8-8848-5D0D9AD1906A}.Release|Any CPU.Build.0 = Release|iPhone
		{3CDFE7C6-A444-4DF8-8848-5D0D9AD1906A}.Release|Any CPU.Deploy.0 = Release|iPhone
		{3CDFE7C6-A444-4DF8-8848-5D0D9AD1906A}.Release|iPhone.ActiveCfg = Release|iPhone
		{3CDFE7C6-A444-4DF8-8848-5D0D9AD1906A}.Release|iPhone.Build.0 = Release|iPhone
		{3CDFE7C6-A444-4DF8-8848-5D0D9AD1906A}.Release|iPhone.Deploy.0 = Release|iPhone
		{3CDFE7C6-A444-4DF8-8848-5D0D9AD1906A}.Release|iPhoneSimulator.ActiveCfg = Release|iPhoneSimulator
		{3CDFE7C6-A444-4DF8-8848-5D0D9AD1906A}.Release|iPhoneSimulator.Build.0 = Release|iPhoneSimulator
		{3CDFE7C6-A444-4DF8-8848-5D0D9AD1906A}.Release|iPhoneSimulator.Deploy.0 = Release|iPhoneSimulator
		{DCFFCC7B-9703-4557-B609-2236D34ABB5D}.Ad-Hoc|Any CPU.ActiveCfg = Debug|Any CPU
		{DCFFCC7B-9703-4557-B609-2236D34ABB5D}.Ad-Hoc|Any CPU.Build.0 = Debug|Any CPU
		{DCFFCC7B-9703-4557-B609-2236D34ABB5D}.Ad-Hoc|Any CPU.Deploy.0 = Debug|Any CPU
		{DCFFCC7B-9703-4557-B609-2236D34ABB5D}.Ad-Hoc|iPhone.ActiveCfg = Debug|Any CPU
		{DCFFCC7B-9703-4557-B609-2236D34ABB5D}.Ad-Hoc|iPhone.Build.0 = Debug|Any CPU
		{DCFFCC7B-9703-4557-B609-2236D34ABB5D}.Ad-Hoc|iPhone.Deploy.0 = Debug|Any CPU
		{DCFFCC7B-9703-4557-B609-2236D34ABB5D}.Ad-Hoc|iPhoneSimulator.ActiveCfg = Debug|Any CPU
		{DCFFCC7B-9703-4557-B609-2236D34ABB5D}.Ad-Hoc|iPhoneSimulator.Build.0 = Debug|Any CPU
		{DCFFCC7B-9703-4557-B609-2236D34ABB5D}.Ad-Hoc|iPhoneSimulator.Deploy.0 = Debug|Any CPU
		{DCFFCC7B-9703-4557-B609-2236D34ABB5D}.AppStore|Any CPU.ActiveCfg = Debug|Any CPU
		{DCFFCC7B-9703-4557-B609-2236D34ABB5D}.AppStore|Any CPU.Build.0 = Debug|Any CPU
		{DCFFCC7B-9703-4557-B609-2236D34ABB5D}.AppStore|Any CPU.Deploy.0 = Debug|Any CPU
		{DCFFCC7B-9703-4557-B609-2236D34ABB5D}.AppStore|iPhone.ActiveCfg = Debug|Any CPU
		{DCFFCC7B-9703-4557-B609-2236D34ABB5D}.AppStore|iPhone.Build.0 = Debug|Any CPU
		{DCFFCC7B-9703-4557-B609-2236D34ABB5D}.AppStore|iPhone.Deploy.0 = Debug|Any CPU
		{DCFFCC7B-9703-4557-B609-2236D34ABB5D}.AppStore|iPhoneSimulator.ActiveCfg = Debug|Any CPU
		{DCFFCC7B-9703-4557-B609-2236D34ABB5D}.AppStore|iPhoneSimulator.Build.0 = Debug|Any CPU
		{DCFFCC7B-9703-4557-B609-2236D34ABB5D}.AppStore|iPhoneSimulator.Deploy.0 = Debug|Any CPU
		{DCFFCC7B-9703-4557-B609-2236D34ABB5D}.Debug|Any CPU.ActiveCfg = Debug|Any CPU
		{DCFFCC7B-9703-4557-B609-2236D34ABB5D}.Debug|Any CPU.Build.0 = Debug|Any CPU
		{DCFFCC7B-9703-4557-B609-2236D34ABB5D}.Debug|Any CPU.Deploy.0 = Debug|Any CPU
		{DCFFCC7B-9703-4557-B609-2236D34ABB5D}.Debug|iPhone.ActiveCfg = Debug|Any CPU
		{DCFFCC7B-9703-4557-B609-2236D34ABB5D}.Debug|iPhone.Build.0 = Debug|Any CPU
		{DCFFCC7B-9703-4557-B609-2236D34ABB5D}.Debug|iPhone.Deploy.0 = Debug|Any CPU
		{DCFFCC7B-9703-4557-B609-2236D34ABB5D}.Debug|iPhoneSimulator.ActiveCfg = Debug|Any CPU
		{DCFFCC7B-9703-4557-B609-2236D34ABB5D}.Debug|iPhoneSimulator.Build.0 = Debug|Any CPU
		{DCFFCC7B-9703-4557-B609-2236D34ABB5D}.Debug|iPhoneSimulator.Deploy.0 = Debug|Any CPU
		{DCFFCC7B-9703-4557-B609-2236D34ABB5D}.Release|Any CPU.ActiveCfg = Release|Any CPU
		{DCFFCC7B-9703-4557-B609-2236D34ABB5D}.Release|Any CPU.Build.0 = Release|Any CPU
		{DCFFCC7B-9703-4557-B609-2236D34ABB5D}.Release|Any CPU.Deploy.0 = Release|Any CPU
		{DCFFCC7B-9703-4557-B609-2236D34ABB5D}.Release|iPhone.ActiveCfg = Release|Any CPU
		{DCFFCC7B-9703-4557-B609-2236D34ABB5D}.Release|iPhone.Build.0 = Release|Any CPU
		{DCFFCC7B-9703-4557-B609-2236D34ABB5D}.Release|iPhone.Deploy.0 = Release|Any CPU
		{DCFFCC7B-9703-4557-B609-2236D34ABB5D}.Release|iPhoneSimulator.ActiveCfg = Release|Any CPU
		{DCFFCC7B-9703-4557-B609-2236D34ABB5D}.Release|iPhoneSimulator.Build.0 = Release|Any CPU
		{DCFFCC7B-9703-4557-B609-2236D34ABB5D}.Release|iPhoneSimulator.Deploy.0 = Release|Any CPU
	EndGlobalSection
	GlobalSection(SolutionProperties) = preSolution
		HideSolutionNode = FALSE
	EndGlobalSection
	GlobalSection(ExtensibilityGlobals) = postSolution
		SolutionGuid = {F4E1FB00-F7F3-4940-9684-B008DBE5026F}
	EndGlobalSection
EndGlobal
